
Microsoft Visual Studio Solution File, Format Version 12.00
# Blend for Visual Studio Version 16
VisualStudioVersion = 16.0.32413.511
MinimumVisualStudioVersion = 10.0.40219.1
Project("{FAE04EC0-301F-11D3-BF4B-00C04F79EFBC}") = "CustomerDatabaseTutorial.App", "CustomerDatabaseTutorial.App\CustomerDatabaseTutorial.App.csproj", "{880A424F-7CE0-490D-97C3-30ACE0A8F341}"
EndProject
Project("{2150E333-8FDC-42A3-9474-1A3956D46DE8}") = "Solution Items", "Solution Items", "{480A70E3-8388-4CFF-95B0-611B51CE81B6}"
	ProjectSection(SolutionItems) = preProject
		CustomerDatabaseTutorial.App\Repository\Constants.cs = CustomerDatabaseTutorial.App\Repository\Constants.cs
		..\..\..\OneDrive\Documents\GitHub\Windows-appsample-customers-orders-database\ContosoRepository\CustomerDatabaseTutorial.Repository.csproj = ..\..\..\OneDrive\Documents\GitHub\Windows-appsample-customers-orders-database\ContosoRepository\CustomerDatabaseTutorial.Repository.csproj
	EndProjectSection
EndProject
Global
	GlobalSection(SolutionConfigurationPlatforms) = preSolution
		Debug|x64 = Debug|x64
		Debug|x86 = Debug|x86
		Release|x64 = Release|x64
		Release|x86 = Release|x86
	EndGlobalSection
	GlobalSection(ProjectConfigurationPlatforms) = postSolution
		{880A424F-7CE0-490D-97C3-30ACE0A8F341}.Debug|x64.ActiveCfg = Debug|x64
		{880A424F-7CE0-490D-97C3-30ACE0A8F341}.Debug|x64.Build.0 = Debug|x64
		{880A424F-7CE0-490D-97C3-30ACE0A8F341}.Debug|x64.Deploy.0 = Debug|x64
		{880A424F-7CE0-490D-97C3-30ACE0A8F341}.Debug|x86.ActiveCfg = Debug|x86
		{880A424F-7CE0-490D-97C3-30ACE0A8F341}.Debug|x86.Build.0 = Debug|x86
		{880A424F-7CE0-490D-97C3-30ACE0A8F341}.Debug|x86.Deploy.0 = Debug|x86
		{880A424F-7CE0-490D-97C3-30ACE0A8F341}.Release|x64.ActiveCfg = Release|x64
		{880A424F-7CE0-490D-97C3-30ACE0A8F341}.Release|x64.Build.0 = Release|x64
		{880A424F-7CE0-490D-97C3-30ACE0A8F341}.Release|x64.Deploy.0 = Release|x64
		{880A424F-7CE0-490D-97C3-30ACE0A8F341}.Release|x86.ActiveCfg = Release|x86
		{880A424F-7CE0-490D-97C3-30ACE0A8F341}.Release|x86.Build.0 = Release|x86
		{880A424F-7CE0-490D-97C3-30ACE0A8F341}.Release|x86.Deploy.0 = Release|x86
	EndGlobalSection
	GlobalSection(SolutionProperties) = preSolution
		HideSolutionNode = FALSE
	EndGlobalSection
	GlobalSection(ExtensibilityGlobals) = postSolution
		SolutionGuid = {9AF0412A-DF7F-4255-B456-3292E3968682}
	EndGlobalSection
EndGlobal
